// !$*UTF8*$!
{
	archiveVersion = 1;
	classes = {
	};
	objectVersion = 56;
	objects = {

/* Begin PBXBuildFile section */
		AA7544962CCD4439001C77C8 /* AppDelegate.swift in Sources */ = {isa = PBXBuildFile; fileRef = AA7544952CCD4439001C77C8 /* AppDelegate.swift */; };
		AA7544982CCD4439001C77C8 /* SceneDelegate.swift in Sources */ = {isa = PBXBuildFile; fileRef = AA7544972CCD4439001C77C8 /* SceneDelegate.swift */; };
		AA75449A2CCD4439001C77C8 /* ViewController.swift in Sources */ = {isa = PBXBuildFile; fileRef = AA7544992CCD4439001C77C8 /* ViewController.swift */; };
		AA75449D2CCD4439001C77C8 /* Main.storyboard in Resources */ = {isa = PBXBuildFile; fileRef = AA75449B2CCD4439001C77C8 /* Main.storyboard */; };
		AA75449F2CCD443A001C77C8 /* Assets.xcassets in Resources */ = {isa = PBXBuildFile; fileRef = AA75449E2CCD443A001C77C8 /* Assets.xcassets */; };
		AA7544A22CCD443A001C77C8 /* LaunchScreen.storyboard in Resources */ = {isa = PBXBuildFile; fileRef = AA7544A02CCD443A001C77C8 /* LaunchScreen.storyboard */; };
		AA7DA6022CCD4D2E0003CB53 /* UserService.swift in Sources */ = {isa = PBXBuildFile; fileRef = AA7DA6012CCD4D2E0003CB53 /* UserService.swift */; };
		AA7DA6042CCD4D470003CB53 /* PostService.swift in Sources */ = {isa = PBXBuildFile; fileRef = AA7DA6032CCD4D470003CB53 /* PostService.swift */; };
		AA7DA6062CCD4D580003CB53 /* DiscussionService.swift in Sources */ = {isa = PBXBuildFile; fileRef = AA7DA6052CCD4D580003CB53 /* DiscussionService.swift */; };
		AA7DA6092CCD4D880003CB53 /* User.swift in Sources */ = {isa = PBXBuildFile; fileRef = AA7DA6082CCD4D880003CB53 /* User.swift */; };
		AA7DA60B2CCD4D9A0003CB53 /* Post.swift in Sources */ = {isa = PBXBuildFile; fileRef = AA7DA60A2CCD4D9A0003CB53 /* Post.swift */; };
		AA7DA60D2CCD4DA60003CB53 /* Discussion.swift in Sources */ = {isa = PBXBuildFile; fileRef = AA7DA60C2CCD4DA60003CB53 /* Discussion.swift */; };
		AA7DD17A2CD8069D0076166C /* Vote.swift in Sources */ = {isa = PBXBuildFile; fileRef = AA7DD1792CD8069D0076166C /* Vote.swift */; };
		AA7DD17C2CD806CC0076166C /* VoteService.swift in Sources */ = {isa = PBXBuildFile; fileRef = AA7DD17B2CD806CC0076166C /* VoteService.swift */; };
/* End PBXBuildFile section */

/* Begin PBXFileReference section */
		AA7544922CCD4439001C77C8 /* Nightwind.app */ = {isa = PBXFileReference; explicitFileType = wrapper.application; includeInIndex = 0; path = Nightwind.app; sourceTree = BUILT_PRODUCTS_DIR; };
		AA7544952CCD4439001C77C8 /* AppDelegate.swift */ = {isa = PBXFileReference; lastKnownFileType = sourcecode.swift; path = AppDelegate.swift; sourceTree = "<group>"; };
		AA7544972CCD4439001C77C8 /* SceneDelegate.swift */ = {isa = PBXFileReference; lastKnownFileType = sourcecode.swift; path = SceneDelegate.swift; sourceTree = "<group>"; };
		AA7544992CCD4439001C77C8 /* ViewController.swift */ = {isa = PBXFileReference; lastKnownFileType = sourcecode.swift; path = ViewController.swift; sourceTree = "<group>"; };
		AA75449C2CCD4439001C77C8 /* Base */ = {isa = PBXFileReference; lastKnownFileType = file.storyboard; name = Base; path = Base.lproj/Main.storyboard; sourceTree = "<group>"; };
		AA75449E2CCD443A001C77C8 /* Assets.xcassets */ = {isa = PBXFileReference; lastKnownFileType = folder.assetcatalog; path = Assets.xcassets; sourceTree = "<group>"; };
		AA7544A12CCD443A001C77C8 /* Base */ = {isa = PBXFileReference; lastKnownFileType = file.storyboard; name = Base; path = Base.lproj/LaunchScreen.storyboard; sourceTree = "<group>"; };
		AA7544A32CCD443A001C77C8 /* Info.plist */ = {isa = PBXFileReference; lastKnownFileType = text.plist.xml; path = Info.plist; sourceTree = "<group>"; };
		AA7DA6012CCD4D2E0003CB53 /* UserService.swift */ = {isa = PBXFileReference; lastKnownFileType = sourcecode.swift; path = UserService.swift; sourceTree = "<group>"; };
		AA7DA6032CCD4D470003CB53 /* PostService.swift */ = {isa = PBXFileReference; lastKnownFileType = sourcecode.swift; path = PostService.swift; sourceTree = "<group>"; };
		AA7DA6052CCD4D580003CB53 /* DiscussionService.swift */ = {isa = PBXFileReference; lastKnownFileType = sourcecode.swift; path = DiscussionService.swift; sourceTree = "<group>"; };
		AA7DA6082CCD4D880003CB53 /* User.swift */ = {isa = PBXFileReference; lastKnownFileType = sourcecode.swift; path = User.swift; sourceTree = "<group>"; };
		AA7DA60A2CCD4D9A0003CB53 /* Post.swift */ = {isa = PBXFileReference; lastKnownFileType = sourcecode.swift; path = Post.swift; sourceTree = "<group>"; };
		AA7DA60C2CCD4DA60003CB53 /* Discussion.swift */ = {isa = PBXFileReference; lastKnownFileType = sourcecode.swift; path = Discussion.swift; sourceTree = "<group>"; };
		AA7DD1792CD8069D0076166C /* Vote.swift */ = {isa = PBXFileReference; lastKnownFileType = sourcecode.swift; path = Vote.swift; sourceTree = "<group>"; };
		AA7DD17B2CD806CC0076166C /* VoteService.swift */ = {isa = PBXFileReference; lastKnownFileType = sourcecode.swift; path = VoteService.swift; sourceTree = "<group>"; };
/* End PBXFileReference section */

/* Begin PBXFrameworksBuildPhase section */
		AA75448F2CCD4439001C77C8 /* Frameworks */ = {
			isa = PBXFrameworksBuildPhase;
			buildActionMask = 2147483647;
			files = (
			);
			runOnlyForDeploymentPostprocessing = 0;
		};
/* End PBXFrameworksBuildPhase section */

/* Begin PBXGroup section */
		AA7544892CCD4439001C77C8 = {
			isa = PBXGroup;
			children = (
				AA7544942CCD4439001C77C8 /* ios */,
				AA7544932CCD4439001C77C8 /* Products */,
			);
			sourceTree = "<group>";
		};
		AA7544932CCD4439001C77C8 /* Products */ = {
			isa = PBXGroup;
			children = (
				AA7544922CCD4439001C77C8 /* Nightwind.app */,
			);
			name = Products;
			sourceTree = "<group>";
		};
		AA7544942CCD4439001C77C8 /* ios */ = {
			isa = PBXGroup;
			children = (
				AA7DA60F2CCD51090003CB53 /* Views */,
				AA7DA6072CCD4D700003CB53 /* Models */,
				AA7DA6002CCD4D060003CB53 /* Services */,
				AA7544952CCD4439001C77C8 /* AppDelegate.swift */,
				AA7544972CCD4439001C77C8 /* SceneDelegate.swift */,
				AA7544A32CCD443A001C77C8 /* Info.plist */,
			);
			path = ios;
			sourceTree = "<group>";
		};
		AA7DA6002CCD4D060003CB53 /* Services */ = {
			isa = PBXGroup;
			children = (
				AA7DA6012CCD4D2E0003CB53 /* UserService.swift */,
				AA7DA6032CCD4D470003CB53 /* PostService.swift */,
				AA7DA6052CCD4D580003CB53 /* DiscussionService.swift */,
				AA7DD17B2CD806CC0076166C /* VoteService.swift */,
			);
			path = Services;
			sourceTree = "<group>";
		};
		AA7DA6072CCD4D700003CB53 /* Models */ = {
			isa = PBXGroup;
			children = (
				AA7DA6082CCD4D880003CB53 /* User.swift */,
				AA7DA60A2CCD4D9A0003CB53 /* Post.swift */,
				AA7DA60C2CCD4DA60003CB53 /* Discussion.swift */,
				AA7DD1792CD8069D0076166C /* Vote.swift */,
			);
			path = Models;
			sourceTree = "<group>";
		};
		AA7DA60F2CCD51090003CB53 /* Views */ = {
			isa = PBXGroup;
			children = (
				AA75449B2CCD4439001C77C8 /* Main.storyboard */,
				AA75449E2CCD443A001C77C8 /* Assets.xcassets */,
				AA7544A02CCD443A001C77C8 /* LaunchScreen.storyboard */,
				AA7544992CCD4439001C77C8 /* ViewController.swift */,
			);
			path = Views;
			sourceTree = "<group>";
		};
/* End PBXGroup section */

/* Begin PBXNativeTarget section */
		AA7544912CCD4439001C77C8 /* Nightwind */ = {
			isa = PBXNativeTarget;
			buildConfigurationList = AA7544A62CCD443A001C77C8 /* Build configuration list for PBXNativeTarget "Nightwind" */;
			buildPhases = (
				AA75448E2CCD4439001C77C8 /* Sources */,
				AA75448F2CCD4439001C77C8 /* Frameworks */,
				AA7544902CCD4439001C77C8 /* Resources */,
			);
			buildRules = (
			);
			dependencies = (
			);
			name = Nightwind;
			productName = ios;
			productReference = AA7544922CCD4439001C77C8 /* Nightwind.app */;
			productType = "com.apple.product-type.application";
		};
/* End PBXNativeTarget section */

/* Begin PBXProject section */
		AA75448A2CCD4439001C77C8 /* Project object */ = {
			isa = PBXProject;
			attributes = {
				BuildIndependentTargetsInParallel = 1;
				LastSwiftUpdateCheck = 1520;
				LastUpgradeCheck = 1520;
				ORGANIZATIONNAME = "Nightwind Development";
				TargetAttributes = {
					AA7544912CCD4439001C77C8 = {
						CreatedOnToolsVersion = 15.2;
					};
				};
			};
			buildConfigurationList = AA75448D2CCD4439001C77C8 /* Build configuration list for PBXProject "Nightwind" */;
			compatibilityVersion = "Xcode 14.0";
			developmentRegion = en;
			hasScannedForEncodings = 0;
			knownRegions = (
				en,
				Base,
			);
			mainGroup = AA7544892CCD4439001C77C8;
			productRefGroup = AA7544932CCD4439001C77C8 /* Products */;
			projectDirPath = "";
			projectRoot = "";
			targets = (
				AA7544912CCD4439001C77C8 /* Nightwind */,
			);
		};
/* End PBXProject section */

/* Begin PBXResourcesBuildPhase section */
		AA7544902CCD4439001C77C8 /* Resources */ = {
			isa = PBXResourcesBuildPhase;
			buildActionMask = 2147483647;
			files = (
				AA7544A22CCD443A001C77C8 /* LaunchScreen.storyboard in Resources */,
				AA75449F2CCD443A001C77C8 /* Assets.xcassets in Resources */,
				AA75449D2CCD4439001C77C8 /* Main.storyboard in Resources */,
			);
			runOnlyForDeploymentPostprocessing = 0;
		};
/* End PBXResourcesBuildPhase section */

/* Begin PBXSourcesBuildPhase section */
		AA75448E2CCD4439001C77C8 /* Sources */ = {
			isa = PBXSourcesBuildPhase;
			buildActionMask = 2147483647;
			files = (
				AA7DA6042CCD4D470003CB53 /* PostService.swift in Sources */,
				AA7DA6062CCD4D580003CB53 /* DiscussionService.swift in Sources */,
				AA7DA6022CCD4D2E0003CB53 /* UserService.swift in Sources */,
				AA7DA60B2CCD4D9A0003CB53 /* Post.swift in Sources */,
				AA75449A2CCD4439001C77C8 /* ViewController.swift in Sources */,
				AA7544962CCD4439001C77C8 /* AppDelegate.swift in Sources */,
				AA7DA60D2CCD4DA60003CB53 /* Discussion.swift in Sources */,
				AA7DD17A2CD8069D0076166C /* Vote.swift in Sources */,
				AA7544982CCD4439001C77C8 /* SceneDelegate.swift in Sources */,
				AA7DD17C2CD806CC0076166C /* VoteService.swift in Sources */,
				AA7DA6092CCD4D880003CB53 /* User.swift in Sources */,
			);
			runOnlyForDeploymentPostprocessing = 0;
		};
/* End PBXSourcesBuildPhase section */

/* Begin PBXVariantGroup section */
		AA75449B2CCD4439001C77C8 /* Main.storyboard */ = {
			isa = PBXVariantGroup;
			children = (
				AA75449C2CCD4439001C77C8 /* Base */,
			);
			name = Main.storyboard;
			sourceTree = "<group>";
		};
		AA7544A02CCD443A001C77C8 /* LaunchScreen.storyboard */ = {
			isa = PBXVariantGroup;
			children = (
				AA7544A12CCD443A001C77C8 /* Base */,
			);
			name = LaunchScreen.storyboard;
			sourceTree = "<group>";
		};
/* End PBXVariantGroup section */

/* Begin XCBuildConfiguration section */
		AA7544A42CCD443A001C77C8 /* Debug */ = {
			isa = XCBuildConfiguration;
			buildSettings = {
				ALWAYS_SEARCH_USER_PATHS = NO;
				ASSETCATALOG_COMPILER_GENERATE_SWIFT_ASSET_SYMBOL_EXTENSIONS = YES;
				CLANG_ANALYZER_NONNULL = YES;
				CLANG_ANALYZER_NUMBER_OBJECT_CONVERSION = YES_AGGRESSIVE;
				CLANG_CXX_LANGUAGE_STANDARD = "gnu++20";
				CLANG_ENABLE_MODULES = YES;
				CLANG_ENABLE_OBJC_ARC = YES;
				CLANG_ENABLE_OBJC_WEAK = YES;
				CLANG_WARN_BLOCK_CAPTURE_AUTORELEASING = YES;
				CLANG_WARN_BOOL_CONVERSION = YES;
				CLANG_WARN_COMMA = YES;
				CLANG_WARN_CONSTANT_CONVERSION = YES;
				CLANG_WARN_DEPRECATED_OBJC_IMPLEMENTATIONS = YES;
				CLANG_WARN_DIRECT_OBJC_ISA_USAGE = YES_ERROR;
				CLANG_WARN_DOCUMENTATION_COMMENTS = YES;
				CLANG_WARN_EMPTY_BODY = YES;
				CLANG_WARN_ENUM_CONVERSION = YES;
				CLANG_WARN_INFINITE_RECURSION = YES;
				CLANG_WARN_INT_CONVERSION = YES;
				CLANG_WARN_NON_LITERAL_NULL_CONVERSION = YES;
				CLANG_WARN_OBJC_IMPLICIT_RETAIN_SELF = YES;
				CLANG_WARN_OBJC_LITERAL_CONVERSION = YES;
				CLANG_WARN_OBJC_ROOT_CLASS = YES_ERROR;
				CLANG_WARN_QUOTED_INCLUDE_IN_FRAMEWORK_HEADER = YES;
				CLANG_WARN_RANGE_LOOP_ANALYSIS = YES;
				CLANG_WARN_STRICT_PROTOTYPES = YES;
				CLANG_WARN_SUSPICIOUS_MOVE = YES;
				CLANG_WARN_UNGUARDED_AVAILABILITY = YES_AGGRESSIVE;
				CLANG_WARN_UNREACHABLE_CODE = YES;
				CLANG_WARN__DUPLICATE_METHOD_MATCH = YES;
				COPY_PHASE_STRIP = NO;
				DEBUG_INFORMATION_FORMAT = dwarf;
				ENABLE_STRICT_OBJC_MSGSEND = YES;
				ENABLE_TESTABILITY = YES;
				ENABLE_USER_SCRIPT_SANDBOXING = YES;
				GCC_C_LANGUAGE_STANDARD = gnu17;
				GCC_DYNAMIC_NO_PIC = NO;
				GCC_NO_COMMON_BLOCKS = YES;
				GCC_OPTIMIZATION_LEVEL = 0;
				GCC_PREPROCESSOR_DEFINITIONS = (
					"DEBUG=1",
					"$(inherited)",
				);
				GCC_WARN_64_TO_32_BIT_CONVERSION = YES;
				GCC_WARN_ABOUT_RETURN_TYPE = YES_ERROR;
				GCC_WARN_UNDECLARED_SELECTOR = YES;
				GCC_WARN_UNINITIALIZED_AUTOS = YES_AGGRESSIVE;
				GCC_WARN_UNUSED_FUNCTION = YES;
				GCC_WARN_UNUSED_VARIABLE = YES;
				IPHONEOS_DEPLOYMENT_TARGET = 17.2;
				LOCALIZATION_PREFERS_STRING_CATALOGS = YES;
				MTL_ENABLE_DEBUG_INFO = INCLUDE_SOURCE;
				MTL_FAST_MATH = YES;
				ONLY_ACTIVE_ARCH = YES;
				SDKROOT = iphoneos;
				SWIFT_ACTIVE_COMPILATION_CONDITIONS = "DEBUG $(inherited)";
				SWIFT_OPTIMIZATION_LEVEL = "-Onone";
			};
			name = Debug;
		};
		AA7544A52CCD443A001C77C8 /* Release */ = {
			isa = XCBuildConfiguration;
			buildSettings = {
				ALWAYS_SEARCH_USER_PATHS = NO;
				ASSETCATALOG_COMPILER_GENERATE_SWIFT_ASSET_SYMBOL_EXTENSIONS = YES;
				CLANG_ANALYZER_NONNULL = YES;
				CLANG_ANALYZER_NUMBER_OBJECT_CONVERSION = YES_AGGRESSIVE;
				CLANG_CXX_LANGUAGE_STANDARD = "gnu++20";
				CLANG_ENABLE_MODULES = YES;
				CLANG_ENABLE_OBJC_ARC = YES;
				CLANG_ENABLE_OBJC_WEAK = YES;
				CLANG_WARN_BLOCK_CAPTURE_AUTORELEASING = YES;
				CLANG_WARN_BOOL_CONVERSION = YES;
				CLANG_WARN_COMMA = YES;
				CLANG_WARN_CONSTANT_CONVERSION = YES;
				CLANG_WARN_DEPRECATED_OBJC_IMPLEMENTATIONS = YES;
				CLANG_WARN_DIRECT_OBJC_ISA_USAGE = YES_ERROR;
				CLANG_WARN_DOCUMENTATION_COMMENTS = YES;
				CLANG_WARN_EMPTY_BODY = YES;
				CLANG_WARN_ENUM_CONVERSION = YES;
				CLANG_WARN_INFINITE_RECURSION = YES;
				CLANG_WARN_INT_CONVERSION = YES;
				CLANG_WARN_NON_LITERAL_NULL_CONVERSION = YES;
				CLANG_WARN_OBJC_IMPLICIT_RETAIN_SELF = YES;
				CLANG_WARN_OBJC_LITERAL_CONVERSION = YES;
				CLANG_WARN_OBJC_ROOT_CLASS = YES_ERROR;
				CLANG_WARN_QUOTED_INCLUDE_IN_FRAMEWORK_HEADER = YES;
				CLANG_WARN_RANGE_LOOP_ANALYSIS = YES;
				CLANG_WARN_STRICT_PROTOTYPES = YES;
				CLANG_WARN_SUSPICIOUS_MOVE = YES;
				CLANG_WARN_UNGUARDED_AVAILABILITY = YES_AGGRESSIVE;
				CLANG_WARN_UNREACHABLE_CODE = YES;
				CLANG_WARN__DUPLICATE_METHOD_MATCH = YES;
				COPY_PHASE_STRIP = NO;
				DEBUG_INFORMATION_FORMAT = "dwarf-with-dsym";
				ENABLE_NS_ASSERTIONS = NO;
				ENABLE_STRICT_OBJC_MSGSEND = YES;
				ENABLE_USER_SCRIPT_SANDBOXING = YES;
				GCC_C_LANGUAGE_STANDARD = gnu17;
				GCC_NO_COMMON_BLOCKS = YES;
				GCC_WARN_64_TO_32_BIT_CONVERSION = YES;
				GCC_WARN_ABOUT_RETURN_TYPE = YES_ERROR;
				GCC_WARN_UNDECLARED_SELECTOR = YES;
				GCC_WARN_UNINITIALIZED_AUTOS = YES_AGGRESSIVE;
				GCC_WARN_UNUSED_FUNCTION = YES;
				GCC_WARN_UNUSED_VARIABLE = YES;
				IPHONEOS_DEPLOYMENT_TARGET = 17.2;
				LOCALIZATION_PREFERS_STRING_CATALOGS = YES;
				MTL_ENABLE_DEBUG_INFO = NO;
				MTL_FAST_MATH = YES;
				SDKROOT = iphoneos;
				SWIFT_COMPILATION_MODE = wholemodule;
				VALIDATE_PRODUCT = YES;
			};
			name = Release;
		};
		AA7544A72CCD443A001C77C8 /* Debug */ = {
			isa = XCBuildConfiguration;
			buildSettings = {
				ASSETCATALOG_COMPILER_APPICON_NAME = AppIcon;
				ASSETCATALOG_COMPILER_GLOBAL_ACCENT_COLOR_NAME = AccentColor;
				CODE_SIGN_STYLE = Automatic;
				CURRENT_PROJECT_VERSION = 1;
				GENERATE_INFOPLIST_FILE = YES;
				INFOPLIST_FILE = ios/Info.plist;
				INFOPLIST_KEY_UIApplicationSupportsIndirectInputEvents = YES;
				INFOPLIST_KEY_UILaunchStoryboardName = LaunchScreen;
				INFOPLIST_KEY_UIMainStoryboardFile = Main;
				INFOPLIST_KEY_UISupportedInterfaceOrientations_iPad = "UIInterfaceOrientationPortrait UIInterfaceOrientationPortraitUpsideDown UIInterfaceOrientationLandscapeLeft UIInterfaceOrientationLandscapeRight";
				INFOPLIST_KEY_UISupportedInterfaceOrientations_iPhone = "UIInterfaceOrientationPortrait UIInterfaceOrientationLandscapeLeft UIInterfaceOrientationLandscapeRight";
				LD_RUNPATH_SEARCH_PATHS = (
					"$(inherited)",
					"@executable_path/Frameworks",
				);
				MARKETING_VERSION = 1.0;
				PRODUCT_BUNDLE_IDENTIFIER = com.nightwind.ios;
				PRODUCT_NAME = "$(TARGET_NAME)";
				SWIFT_EMIT_LOC_STRINGS = YES;
				SWIFT_VERSION = 5.0;
				TARGETED_DEVICE_FAMILY = "1,2";
			};
			name = Debug;
		};
		AA7544A82CCD443A001C77C8 /* Release */ = {
			isa = XCBuildConfiguration;
			buildSettings = {
				ASSETCATALOG_COMPILER_APPICON_NAME = AppIcon;
				ASSETCATALOG_COMPILER_GLOBAL_ACCENT_COLOR_NAME = AccentColor;
				CODE_SIGN_STYLE = Automatic;
				CURRENT_PROJECT_VERSION = 1;
				GENERATE_INFOPLIST_FILE = YES;
				INFOPLIST_FILE = ios/Info.plist;
				INFOPLIST_KEY_UIApplicationSupportsIndirectInputEvents = YES;
				INFOPLIST_KEY_UILaunchStoryboardName = LaunchScreen;
				INFOPLIST_KEY_UIMainStoryboardFile = Main;
				INFOPLIST_KEY_UISupportedInterfaceOrientations_iPad = "UIInterfaceOrientationPortrait UIInterfaceOrientationPortraitUpsideDown UIInterfaceOrientationLandscapeLeft UIInterfaceOrientationLandscapeRight";
				INFOPLIST_KEY_UISupportedInterfaceOrientations_iPhone = "UIInterfaceOrientationPortrait UIInterfaceOrientationLandscapeLeft UIInterfaceOrientationLandscapeRight";
				LD_RUNPATH_SEARCH_PATHS = (
					"$(inherited)",
					"@executable_path/Frameworks",
				);
				MARKETING_VERSION = 1.0;
				PRODUCT_BUNDLE_IDENTIFIER = com.nightwind.ios;
				PRODUCT_NAME = "$(TARGET_NAME)";
				SWIFT_EMIT_LOC_STRINGS = YES;
				SWIFT_VERSION = 5.0;
				TARGETED_DEVICE_FAMILY = "1,2";
			};
			name = Release;
		};
/* End XCBuildConfiguration section */

/* Begin XCConfigurationList section */
		AA75448D2CCD4439001C77C8 /* Build configuration list for PBXProject "Nightwind" */ = {
			isa = XCConfigurationList;
			buildConfigurations = (
				AA7544A42CCD443A001C77C8 /* Debug */,
				AA7544A52CCD443A001C77C8 /* Release */,
			);
			defaultConfigurationIsVisible = 0;
			defaultConfigurationName = Release;
		};
		AA7544A62CCD443A001C77C8 /* Build configuration list for PBXNativeTarget "Nightwind" */ = {
			isa = XCConfigurationList;
			buildConfigurations = (
				AA7544A72CCD443A001C77C8 /* Debug */,
				AA7544A82CCD443A001C77C8 /* Release */,
			);
			defaultConfigurationIsVisible = 0;
			defaultConfigurationName = Release;
		};
/* End XCConfigurationList section */
	};
	rootObject = AA75448A2CCD4439001C77C8 /* Project object */;
}
